// !$*UTF8*$!
{
	archiveVersion = 1;
	classes = {
	};
	objectVersion = 50;
	objects = {

/* Begin PBXBuildFile section */
		666E07E426E5584D0046CD20 /* RentelProViewApp.swift in Sources */ = {isa = PBXBuildFile; fileRef = 666E07E326E5584D0046CD20 /* RentelProViewApp.swift */; };
		666E07E626E5584D0046CD20 /* ContentView.swift in Sources */ = {isa = PBXBuildFile; fileRef = 666E07E526E5584D0046CD20 /* ContentView.swift */; };
		666E07E826E5584E0046CD20 /* Assets.xcassets in Resources */ = {isa = PBXBuildFile; fileRef = 666E07E726E5584E0046CD20 /* Assets.xcassets */; };
		666E07EB26E5584E0046CD20 /* Preview Assets.xcassets in Resources */ = {isa = PBXBuildFile; fileRef = 666E07EA26E5584E0046CD20 /* Preview Assets.xcassets */; };
		666E07F426E559C40046CD20 /* LogoView.swift in Sources */ = {isa = PBXBuildFile; fileRef = 666E07F326E559C40046CD20 /* LogoView.swift */; };
		666E07F626E55C950046CD20 /* HeaderLabelsView.swift in Sources */ = {isa = PBXBuildFile; fileRef = 666E07F526E55C950046CD20 /* HeaderLabelsView.swift */; };
		666E07FB26E561CE0046CD20 /* FeaturesView.swift in Sources */ = {isa = PBXBuildFile; fileRef = 666E07FA26E561CE0046CD20 /* FeaturesView.swift */; };
		666E080026E56A6C0046CD20 /* FooterView.swift in Sources */ = {isa = PBXBuildFile; fileRef = 666E07FF26E56A6C0046CD20 /* FooterView.swift */; };
/* End PBXBuildFile section */

/* Begin PBXFileReference section */
		666E07E026E5584D0046CD20 /* RentelProView.app */ = {isa = PBXFileReference; explicitFileType = wrapper.application; includeInIndex = 0; path = RentelProView.app; sourceTree = BUILT_PRODUCTS_DIR; };
		666E07E326E5584D0046CD20 /* RentelProViewApp.swift */ = {isa = PBXFileReference; lastKnownFileType = sourcecode.swift; path = RentelProViewApp.swift; sourceTree = "<group>"; };
		666E07E526E5584D0046CD20 /* ContentView.swift */ = {isa = PBXFileReference; lastKnownFileType = sourcecode.swift; path = ContentView.swift; sourceTree = "<group>"; };
		666E07E726E5584E0046CD20 /* Assets.xcassets */ = {isa = PBXFileReference; lastKnownFileType = folder.assetcatalog; path = Assets.xcassets; sourceTree = "<group>"; };
		666E07EA26E5584E0046CD20 /* Preview Assets.xcassets */ = {isa = PBXFileReference; lastKnownFileType = folder.assetcatalog; path = "Preview Assets.xcassets"; sourceTree = "<group>"; };
		666E07EC26E5584E0046CD20 /* Info.plist */ = {isa = PBXFileReference; lastKnownFileType = text.plist.xml; path = Info.plist; sourceTree = "<group>"; };
		666E07F326E559C40046CD20 /* LogoView.swift */ = {isa = PBXFileReference; lastKnownFileType = sourcecode.swift; path = LogoView.swift; sourceTree = "<group>"; };
		666E07F526E55C950046CD20 /* HeaderLabelsView.swift */ = {isa = PBXFileReference; lastKnownFileType = sourcecode.swift; path = HeaderLabelsView.swift; sourceTree = "<group>"; };
		666E07FA26E561CE0046CD20 /* FeaturesView.swift */ = {isa = PBXFileReference; lastKnownFileType = sourcecode.swift; path = FeaturesView.swift; sourceTree = "<group>"; };
		666E07FF26E56A6C0046CD20 /* FooterView.swift */ = {isa = PBXFileReference; lastKnownFileType = sourcecode.swift; path = FooterView.swift; sourceTree = "<group>"; };
/* End PBXFileReference section */

/* Begin PBXFrameworksBuildPhase section */
		666E07DD26E5584D0046CD20 /* Frameworks */ = {
			isa = PBXFrameworksBuildPhase;
			buildActionMask = 2147483647;
			files = (
			);
			runOnlyForDeploymentPostprocessing = 0;
		};
/* End PBXFrameworksBuildPhase section */

/* Begin PBXGroup section */
		666E07D726E5584D0046CD20 = {
			isa = PBXGroup;
			children = (
				666E07E226E5584D0046CD20 /* RentelProView */,
				666E07E126E5584D0046CD20 /* Products */,
			);
			sourceTree = "<group>";
		};
		666E07E126E5584D0046CD20 /* Products */ = {
			isa = PBXGroup;
			children = (
				666E07E026E5584D0046CD20 /* RentelProView.app */,
			);
			name = Products;
			sourceTree = "<group>";
		};
		666E07E226E5584D0046CD20 /* RentelProView */ = {
			isa = PBXGroup;
			children = (
				666E07E326E5584D0046CD20 /* RentelProViewApp.swift */,
				666E07E526E5584D0046CD20 /* ContentView.swift */,
				666E07E726E5584E0046CD20 /* Assets.xcassets */,
				666E07EC26E5584E0046CD20 /* Info.plist */,
				666E07F226E559B40046CD20 /* View */,
				666E07E926E5584E0046CD20 /* Preview Content */,
			);
			path = RentelProView;
			sourceTree = "<group>";
		};
		666E07E926E5584E0046CD20 /* Preview Content */ = {
			isa = PBXGroup;
			children = (
				666E07EA26E5584E0046CD20 /* Preview Assets.xcassets */,
			);
			path = "Preview Content";
			sourceTree = "<group>";
		};
		666E07F226E559B40046CD20 /* View */ = {
			isa = PBXGroup;
			children = (
				666E07F326E559C40046CD20 /* LogoView.swift */,
				666E07F526E55C950046CD20 /* HeaderLabelsView.swift */,
				666E07FA26E561CE0046CD20 /* FeaturesView.swift */,
				666E07FF26E56A6C0046CD20 /* FooterView.swift */,
			);
			path = View;
			sourceTree = "<group>";
		};
/* End PBXGroup section */

/* Begin PBXNativeTarget section */
		666E07DF26E5584D0046CD20 /* RentelProView */ = {
			isa = PBXNativeTarget;
			buildConfigurationList = 666E07EF26E5584E0046CD20 /* Build configuration list for PBXNativeTarget "RentelProView" */;
			buildPhases = (
				666E07DC26E5584D0046CD20 /* Sources */,
				666E07DD26E5584D0046CD20 /* Frameworks */,
				666E07DE26E5584D0046CD20 /* Resources */,
			);
			buildRules = (
			);
			dependencies = (
			);
			name = RentelProView;
			productName = RentelProView;
			productReference = 666E07E026E5584D0046CD20 /* RentelProView.app */;
			productType = "com.apple.product-type.application";
		};
/* End PBXNativeTarget section */

/* Begin PBXProject section */
		666E07D826E5584D0046CD20 /* Project object */ = {
			isa = PBXProject;
			attributes = {
				LastSwiftUpdateCheck = 1250;
				LastUpgradeCheck = 1250;
				TargetAttributes = {
					666E07DF26E5584D0046CD20 = {
						CreatedOnToolsVersion = 12.5.1;
					};
				};
			};
			buildConfigurationList = 666E07DB26E5584D0046CD20 /* Build configuration list for PBXProject "RentelProView" */;
			compatibilityVersion = "Xcode 9.3";
			developmentRegion = en;
			hasScannedForEncodings = 0;
			knownRegions = (
				en,
				Base,
			);
			mainGroup = 666E07D726E5584D0046CD20;
			productRefGroup = 666E07E126E5584D0046CD20 /* Products */;
			projectDirPath = "";
			projectRoot = "";
			targets = (
				666E07DF26E5584D0046CD20 /* RentelProView */,
			);
		};
/* End PBXProject section */

/* Begin PBXResourcesBuildPhase section */
		666E07DE26E5584D0046CD20 /* Resources */ = {
			isa = PBXResourcesBuildPhase;
			buildActionMask = 2147483647;
			files = (
				666E07EB26E5584E0046CD20 /* Preview Assets.xcassets in Resources */,
				666E07E826E5584E0046CD20 /* Assets.xcassets in Resources */,
			);
			runOnlyForDeploymentPostprocessing = 0;
		};
/* End PBXResourcesBuildPhase section */

/* Begin PBXSourcesBuildPhase section */
		666E07DC26E5584D0046CD20 /* Sources */ = {
			isa = PBXSourcesBuildPhase;
			buildActionMask = 2147483647;
			files = (
				666E07F626E55C950046CD20 /* HeaderLabelsView.swift in Sources */,
				666E07E626E5584D0046CD20 /* ContentView.swift in Sources */,
				666E07F426E559C40046CD20 /* LogoView.swift in Sources */,
				666E080026E56A6C0046CD20 /* FooterView.swift in Sources */,
				666E07FB26E561CE0046CD20 /* FeaturesView.swift in Sources */,
				666E07E426E5584D0046CD20 /* RentelProViewApp.swift in Sources */,
			);
			runOnlyForDeploymentPostprocessing = 0;
		};
/* End PBXSourcesBuildPhase section */

/* Begin XCBuildConfiguration section */
		666E07ED26E5584E0046CD20 /* Debug */ = {
			isa = XCBuildConfiguration;
			buildSettings = {
				ALWAYS_SEARCH_USER_PATHS = NO;
				CLANG_ANALYZER_NONNULL = YES;
				CLANG_ANALYZER_NUMBER_OBJECT_CONVERSION = YES_AGGRESSIVE;
				CLANG_CXX_LANGUAGE_STANDARD = "gnu++14";
				CLANG_CXX_LIBRARY = "libc++";
				CLANG_ENABLE_MODULES = YES;
				CLANG_ENABLE_OBJC_ARC = YES;
				CLANG_ENABLE_OBJC_WEAK = YES;
				CLANG_WARN_BLOCK_CAPTURE_AUTORELEASING = YES;
				CLANG_WARN_BOOL_CONVERSION = YES;
				CLANG_WARN_COMMA = YES;
				CLANG_WARN_CONSTANT_CONVERSION = YES;
				CLANG_WARN_DEPRECATED_OBJC_IMPLEMENTATIONS = YES;
				CLANG_WARN_DIRECT_OBJC_ISA_USAGE = YES_ERROR;
				CLANG_WARN_DOCUMENTATION_COMMENTS = YES;
				CLANG_WARN_EMPTY_BODY = YES;
				CLANG_WARN_ENUM_CONVERSION = YES;
				CLANG_WARN_INFINITE_RECURSION = YES;
				CLANG_WARN_INT_CONVERSION = YES;
				CLANG_WARN_NON_LITERAL_NULL_CONVERSION = YES;
				CLANG_WARN_OBJC_IMPLICIT_RETAIN_SELF = YES;
				CLANG_WARN_OBJC_LITERAL_CONVERSION = YES;
				CLANG_WARN_OBJC_ROOT_CLASS = YES_ERROR;
				CLANG_WARN_QUOTED_INCLUDE_IN_FRAMEWORK_HEADER = YES;
				CLANG_WARN_RANGE_LOOP_ANALYSIS = YES;
				CLANG_WARN_STRICT_PROTOTYPES = YES;
				CLANG_WARN_SUSPICIOUS_MOVE = YES;
				CLANG_WARN_UNGUARDED_AVAILABILITY = YES_AGGRESSIVE;
				CLANG_WARN_UNREACHABLE_CODE = YES;
				CLANG_WARN__DUPLICATE_METHOD_MATCH = YES;
				COPY_PHASE_STRIP = NO;
				DEBUG_INFORMATION_FORMAT = dwarf;
				ENABLE_STRICT_OBJC_MSGSEND = YES;
				ENABLE_TESTABILITY = YES;
				GCC_C_LANGUAGE_STANDARD = gnu11;
				GCC_DYNAMIC_NO_PIC = NO;
				GCC_NO_COMMON_BLOCKS = YES;
				GCC_OPTIMIZATION_LEVEL = 0;
				GCC_PREPROCESSOR_DEFINITIONS = (
					"DEBUG=1",
					"$(inherited)",
				);
				GCC_WARN_64_TO_32_BIT_CONVERSION = YES;
				GCC_WARN_ABOUT_RETURN_TYPE = YES_ERROR;
				GCC_WARN_UNDECLARED_SELECTOR = YES;
				GCC_WARN_UNINITIALIZED_AUTOS = YES_AGGRESSIVE;
				GCC_WARN_UNUSED_FUNCTION = YES;
				GCC_WARN_UNUSED_VARIABLE = YES;
				IPHONEOS_DEPLOYMENT_TARGET = 14.5;
				MTL_ENABLE_DEBUG_INFO = INCLUDE_SOURCE;
				MTL_FAST_MATH = YES;
				ONLY_ACTIVE_ARCH = YES;
				SDKROOT = iphoneos;
				SWIFT_ACTIVE_COMPILATION_CONDITIONS = DEBUG;
				SWIFT_OPTIMIZATION_LEVEL = "-Onone";
			};
			name = Debug;
		};
		666E07EE26E5584E0046CD20 /* Release */ = {
			isa = XCBuildConfiguration;
			buildSettings = {
				ALWAYS_SEARCH_USER_PATHS = NO;
				CLANG_ANALYZER_NONNULL = YES;
				CLANG_ANALYZER_NUMBER_OBJECT_CONVERSION = YES_AGGRESSIVE;
				CLANG_CXX_LANGUAGE_STANDARD = "gnu++14";
				CLANG_CXX_LIBRARY = "libc++";
				CLANG_ENABLE_MODULES = YES;
				CLANG_ENABLE_OBJC_ARC = YES;
				CLANG_ENABLE_OBJC_WEAK = YES;
				CLANG_WARN_BLOCK_CAPTURE_AUTORELEASING = YES;
				CLANG_WARN_BOOL_CONVERSION = YES;
				CLANG_WARN_COMMA = YES;
				CLANG_WARN_CONSTANT_CONVERSION = YES;
				CLANG_WARN_DEPRECATED_OBJC_IMPLEMENTATIONS = YES;
				CLANG_WARN_DIRECT_OBJC_ISA_USAGE = YES_ERROR;
				CLANG_WARN_DOCUMENTATION_COMMENTS = YES;
				CLANG_WARN_EMPTY_BODY = YES;
				CLANG_WARN_ENUM_CONVERSION = YES;
				CLANG_WARN_INFINITE_RECURSION = YES;
				CLANG_WARN_INT_CONVERSION = YES;
				CLANG_WARN_NON_LITERAL_NULL_CONVERSION = YES;
				CLANG_WARN_OBJC_IMPLICIT_RETAIN_SELF = YES;
				CLANG_WARN_OBJC_LITERAL_CONVERSION = YES;
				CLANG_WARN_OBJC_ROOT_CLASS = YES_ERROR;
				CLANG_WARN_QUOTED_INCLUDE_IN_FRAMEWORK_HEADER = YES;
				CLANG_WARN_RANGE_LOOP_ANALYSIS = YES;
				CLANG_WARN_STRICT_PROTOTYPES = YES;
				CLANG_WARN_SUSPICIOUS_MOVE = YES;
				CLANG_WARN_UNGUARDED_AVAILABILITY = YES_AGGRESSIVE;
				CLANG_WARN_UNREACHABLE_CODE = YES;
				CLANG_WARN__DUPLICATE_METHOD_MATCH = YES;
				COPY_PHASE_STRIP = NO;
				DEBUG_INFORMATION_FORMAT = "dwarf-with-dsym";
				ENABLE_NS_ASSERTIONS = NO;
				ENABLE_STRICT_OBJC_MSGSEND = YES;
				GCC_C_LANGUAGE_STANDARD = gnu11;
				GCC_NO_COMMON_BLOCKS = YES;
				GCC_WARN_64_TO_32_BIT_CONVERSION = YES;
				GCC_WARN_ABOUT_RETURN_TYPE = YES_ERROR;
				GCC_WARN_UNDECLARED_SELECTOR = YES;
				GCC_WARN_UNINITIALIZED_AUTOS = YES_AGGRESSIVE;
				GCC_WARN_UNUSED_FUNCTION = YES;
				GCC_WARN_UNUSED_VARIABLE = YES;
				IPHONEOS_DEPLOYMENT_TARGET = 14.5;
				MTL_ENABLE_DEBUG_INFO = NO;
				MTL_FAST_MATH = YES;
				SDKROOT = iphoneos;
				SWIFT_COMPILATION_MODE = wholemodule;
				SWIFT_OPTIMIZATION_LEVEL = "-O";
				VALIDATE_PRODUCT = YES;
			};
			name = Release;
		};
		666E07F026E5584E0046CD20 /* Debug */ = {
			isa = XCBuildConfiguration;
			buildSettings = {
				ASSETCATALOG_COMPILER_APPICON_NAME = AppIcon;
				ASSETCATALOG_COMPILER_GLOBAL_ACCENT_COLOR_NAME = AccentColor;
				CODE_SIGN_STYLE = Automatic;
				DEVELOPMENT_ASSET_PATHS = "\"RentelProView/Preview Content\"";
				DEVELOPMENT_TEAM = MW2YXY2465;
				ENABLE_PREVIEWS = YES;
				INFOPLIST_FILE = RentelProView/Info.plist;
				IPHONEOS_DEPLOYMENT_TARGET = 14.0;
				LD_RUNPATH_SEARCH_PATHS = (
					"$(inherited)",
					"@executable_path/Frameworks",
				);
				PRODUCT_BUNDLE_IDENTIFIER = com.rentel.RentelReader.RentelProView;
				PRODUCT_NAME = "$(TARGET_NAME)";
				SWIFT_VERSION = 5.0;
				TARGETED_DEVICE_FAMILY = "1,2";
			};
			name = Debug;
		};
		666E07F126E5584E0046CD20 /* Release */ = {
			isa = XCBuildConfiguration;
			buildSettings = {
				ASSETCATALOG_COMPILER_APPICON_NAME = AppIcon;
				ASSETCATALOG_COMPILER_GLOBAL_ACCENT_COLOR_NAME = AccentColor;
				CODE_SIGN_STYLE = Automatic;
				DEVELOPMENT_ASSET_PATHS = "\"RentelProView/Preview Content\"";
				DEVELOPMENT_TEAM = MW2YXY2465;
				ENABLE_PREVIEWS = YES;
				INFOPLIST_FILE = RentelProView/Info.plist;
				IPHONEOS_DEPLOYMENT_TARGET = 14.0;
				LD_RUNPATH_SEARCH_PATHS = (
					"$(inherited)",
					"@executable_path/Frameworks",
				);
				PRODUCT_BUNDLE_IDENTIFIER = com.rentel.RentelReader.RentelProView;
				PRODUCT_NAME = "$(TARGET_NAME)";
				SWIFT_VERSION = 5.0;
				TARGETED_DEVICE_FAMILY = "1,2";
			};
			name = Release;
		};
/* End XCBuildConfiguration section */

/* Begin XCConfigurationList section */
		666E07DB26E5584D0046CD20 /* Build configuration list for PBXProject "RentelProView" */ = {
			isa = XCConfigurationList;
			buildConfigurations = (
				666E07ED26E5584E0046CD20 /* Debug */,
				666E07EE26E5584E0046CD20 /* Release */,
			);
			defaultConfigurationIsVisible = 0;
			defaultConfigurationName = Release;
		};
		666E07EF26E5584E0046CD20 /* Build configuration list for PBXNativeTarget "RentelProView" */ = {
			isa = XCConfigurationList;
			buildConfigurations = (
				666E07F026E5584E0046CD20 /* Debug */,
				666E07F126E5584E0046CD20 /* Release */,
			);
			defaultConfigurationIsVisible = 0;
			defaultConfigurationName = Release;
		};
/* End XCConfigurationList section */
	};
	rootObject = 666E07D826E5584D0046CD20 /* Project object */;
}
